<?xml version="1.0" encoding="utf-8"?>
<Project ToolsVersion="4.0" xmlns="http://schemas.microsoft.com/developer/msbuild/2003">
  <ItemGroup>
    <Filter Include="base">
      <UniqueIdentifier>{23c2d8ee-973f-4093-921b-e38219e8237d}</UniqueIdentifier>
    </Filter>
    <Filter Include="src">
      <UniqueIdentifier>{dc080179-f205-4dc3-bb2e-d3b4b5d64ccd}</UniqueIdentifier>
    </Filter>
    <Filter Include="net">
      <UniqueIdentifier>{060152e2-1e14-41e1-b500-2e95f31b074c}</UniqueIdentifier>
    </Filter>
    <Filter Include="utils">
      <UniqueIdentifier>{1d929ea2-064f-4f53-80a1-7dadb7a1a566}</UniqueIdentifier>
    </Filter>
  </ItemGroup>
</Project>